<?xml version="1.0" encoding="utf-8"?>
<Project ToolsVersion="4.0" xmlns="http://schemas.microsoft.com/developer/msbuild/2003">
  <ItemGroup>
    <Filter Include="Source Files">
      <UniqueIdentifier>{CC3CE37F-712A-4559-A698-F2BB0FD4818D}</UniqueIdentifier>
      <Extensions>cpp;c;cc;cxx;def;odl;idl;hpj;bat;asm;asmx</Extensions>
    </Filter>
  </ItemGroup>
  <ItemGroup>
    <ClCompile Include="src\core\Application.cpp">
      <Filter>Source Files</Filter>
    </ClCompile>
    <ClCompile Include="src\core\DhParam.cpp">
      <Filter>Source Files</Filter>
    </ClCompile>
    <ClCompile Include="src\core\InverseKinematics.cpp">
      <Filter>Source Files</Filter>
    </ClCompile>
    <ClCompile Include="src\core\JointedLink.cpp">
      <Filter>Source Files</Filter>
    </ClCompile>
    <ClCompile Include="src\core\Robot.cpp">
      <Filter>Source Files</Filter>
    </ClCompile>
    <ClCompile Include="src\meshes\BoxMesh.cpp">
      <Filter>Source Files</Filter>
    </ClCompile>
    <ClCompile Include="src\meshes\CylinderMesh.cpp">
      <Filter>Source Files</Filter>
    </ClCompile>
    <ClCompile Include="src\meshes\JointedLinkMesh.cpp">
      <Filter>Source Files</Filter>
    </ClCompile>
    <ClCompile Include="src\meshes\Mesh.cpp">
      <Filter>Source Files</Filter>
    </ClCompile>
    <ClCompile Include="src\rendering\Camera.cpp">
      <Filter>Source Files</Filter>
    </ClCompile>
    <ClCompile Include="src\Main.cpp">
      <Filter>Source Files</Filter>
    </ClCompile>
    <ClCompile Include="lib\imgui\imgui.cpp">
      <Filter>Source Files</Filter>
    </ClCompile>
    <ClCompile Include="lib\imgui\imgui_demo.cpp">
      <Filter>Source Files</Filter>
    </ClCompile>
    <ClCompile Include="lib\imgui\imgui_draw.cpp">
      <Filter>Source Files</Filter>
    </ClCompile>
    <ClCompile Include="lib\imgui\imgui_tables.cpp">
      <Filter>Source Files</Filter>
    </ClCompile>
    <ClCompile Include="lib\imgui\imgui_widgets.cpp">
      <Filter>Source Files</Filter>
    </ClCompile>
    <ClCompile Include="lib\imgui\backends\imgui_impl_opengl3.cpp">
      <Filter>Source Files</Filter>
    </ClCompile>
    <ClCompile Include="lib\imgui\backends\imgui_impl_glfw.cpp">
      <Filter>Source Files</Filter>
    </ClCompile>
    <ClCompile Include="lib\imgui\backends\imgui_impl_win32.cpp">
      <Filter>Source Files</Filter>
    </ClCompile>
    <ClCompile Include="lib\imgui\backends\imgui_impl_opengl2.cpp">
      <Filter>Source Files</Filter>
    </ClCompile>
  </ItemGroup>
  <ItemGroup>
    <ClInclude Include="src\core\Application.hpp" />
    <ClInclude Include="src\core\Utility.hpp" />
    <ClInclude Include="src\core\DhParam.hpp" />
    <ClInclude Include="src\core\InverseKinematics.hpp" />
    <ClInclude Include="src\core\JointedLink.hpp" />
    <ClInclude Include="src\core\Robot.hpp" />
    <ClInclude Include="src\meshes\BoxMesh.hpp" />
    <ClInclude Include="src\meshes\CylinderMesh.hpp" />
    <ClInclude Include="src\meshes\JointedLinkMesh.hpp" />
    <ClInclude Include="src\meshes\Mesh.hpp" />
    <ClInclude Include="src\rendering\Camera.hpp" />
    <ClInclude Include="src\rendering\Shader.hpp" />
    <ClInclude Include="lib\imgui\imconfig.h" />
    <ClInclude Include="lib\imgui\imgui.h" />
    <ClInclude Include="lib\imgui\imgui_internal.h" />
    <ClInclude Include="lib\imgui\imstb_rectpack.h" />
    <ClInclude Include="lib\imgui\imstb_textedit.h" />
    <ClInclude Include="lib\imgui\imstb_truetype.h" />
    <ClInclude Include="lib\imgui\backends\imgui_impl_opengl3.h" />
    <ClInclude Include="lib\imgui\backends\imgui_impl_opengl3_loader.h" />
    <ClInclude Include="lib\imgui\backends\imgui_impl_glfw.h" />
    <ClInclude Include="lib\imgui\backends\imgui_impl_win32.h" />
    <ClInclude Include="lib\imgui\backends\imgui_impl_opengl2.h" />
  </ItemGroup>
  <ItemGroup>
    <Text Include="src\rendering\shaders\simple_shader.vert" />
    <Text Include="src\rendering\shaders\simple_shader.frag" />
  </ItemGroup>
</Project>